
Microsoft Visual Studio Solution File, Format Version 12.00
# Visual Studio Version 16
VisualStudioVersion = 16.0.30320.27
MinimumVisualStudioVersion = 10.0.40219.1
Project("{FAE04EC0-301F-11D3-BF4B-00C04F79EFBC}") = "TableStorage", "TableStorage\TableStorage.csproj", "{BD7E3ED3-3E0B-4C39-B3B9-926A30468007}"
EndProject
Global
	GlobalSection(SolutionConfigurationPlatforms) = preSolution
		Debug|Any CPU = Debug|Any CPU
		Release|Any CPU = Release|Any CPU
	EndGlobalSection
	GlobalSection(ProjectConfigurationPlatforms) = postSolution
		{BD7E3ED3-3E0B-4C39-B3B9-926A30468007}.Debug|Any CPU.ActiveCfg = Debug|Any CPU
		{BD7E3ED3-3E0B-4C39-B3B9-926A30468007}.Debug|Any CPU.Build.0 = Debug|Any CPU
		{BD7E3ED3-3E0B-4C39-B3B9-926A30468007}.Release|Any CPU.ActiveCfg = Release|Any CPU
		{BD7E3ED3-3E0B-4C39-B3B9-926A30468007}.Release|Any CPU.Build.0 = Release|Any CPU
	EndGlobalSection
	GlobalSection(SolutionProperties) = preSolution
		HideSolutionNode = FALSE
	EndGlobalSection
	GlobalSection(ExtensibilityGlobals) = postSolution
		SolutionGuid = {470CA436-9757-4EF2-B476-1505B2BBA14C}
	EndGlobalSection
EndGlobal
